// !$*UTF8*$!
{
	archiveVersion = 1;
	classes = {
	};
	objectVersion = 50;
	objects = {

/* Begin PBXBuildFile section */
		19AF2ADE2184E5BCC986F38A /* Pods_AretctAdminUITests.framework in Frameworks */ = {isa = PBXBuildFile; fileRef = 7D478A4753060108FF463BEB /* Pods_AretctAdminUITests.framework */; };
		323D15FE94CDDF0ED955A95D /* Pods_AretctUITests.framework in Frameworks */ = {isa = PBXBuildFile; fileRef = A78CF1451EFACD7CDF83305A /* Pods_AretctUITests.framework */; };
		826A3714807506292F6265C3 /* Pods_Aretct.framework in Frameworks */ = {isa = PBXBuildFile; fileRef = E337F8ECB6BD087570C0B1F1 /* Pods_Aretct.framework */; };
		882C49D658AAE040F941FE45 /* Pods_AretctTests.framework in Frameworks */ = {isa = PBXBuildFile; fileRef = 347AA22B7387C598AAD204FB /* Pods_AretctTests.framework */; };
		927F0049707C14D0D6C4793D /* Pods_AretctAdmin.framework in Frameworks */ = {isa = PBXBuildFile; fileRef = CECD0420851B96DA7100489A /* Pods_AretctAdmin.framework */; };
		AF694561AC93DC4206D20DE6 /* Pods_AretctAdminTests.framework in Frameworks */ = {isa = PBXBuildFile; fileRef = FC8CF662ED4B5E2543CA7F50 /* Pods_AretctAdminTests.framework */; };
		DA317ABE2314044A0001C9E7 /* HomeVC.swift in Sources */ = {isa = PBXBuildFile; fileRef = DA4B0DBB230AC0B7007947C3 /* HomeVC.swift */; };
		DA317ABF231406DE0001C9E7 /* RoundedViews.swift in Sources */ = {isa = PBXBuildFile; fileRef = DA4B0E2D231021DD007947C3 /* RoundedViews.swift */; };
		DA317AC0231407000001C9E7 /* Constants.swift in Sources */ = {isa = PBXBuildFile; fileRef = DA4B0E2A23101A78007947C3 /* Constants.swift */; };
		DA317AC1231407030001C9E7 /* Extension.swift in Sources */ = {isa = PBXBuildFile; fileRef = DA4B0E2F231031E8007947C3 /* Extension.swift */; };
		DA317AC2231407340001C9E7 /* ProductDetailVC.swift in Sources */ = {isa = PBXBuildFile; fileRef = DA774F112313DA3B00C42ADA /* ProductDetailVC.swift */; };
		DA317AC3231407DA0001C9E7 /* ForgotPasswordVC.swift in Sources */ = {isa = PBXBuildFile; fileRef = DA4B0E3223111C34007947C3 /* ForgotPasswordVC.swift */; };
		DA317AC4231407DA0001C9E7 /* ProductDetailVC.xib in Resources */ = {isa = PBXBuildFile; fileRef = DA774F122313DA3B00C42ADA /* ProductDetailVC.xib */; };
		DA317AC6231409740001C9E7 /* AddEditCategoryVC.swift in Sources */ = {isa = PBXBuildFile; fileRef = DA317AC5231409740001C9E7 /* AddEditCategoryVC.swift */; };
		DA317AC92316E40F0001C9E7 /* AdminProductsVC.swift in Sources */ = {isa = PBXBuildFile; fileRef = DA317AC82316E40F0001C9E7 /* AdminProductsVC.swift */; };
		DA317ACB2316EC810001C9E7 /* AddEditProductsVC.swift in Sources */ = {isa = PBXBuildFile; fileRef = DA317ACA2316EC810001C9E7 /* AddEditProductsVC.swift */; };
		DA317ACD2319609C0001C9E7 /* User.swift in Sources */ = {isa = PBXBuildFile; fileRef = DA317ACC2319609C0001C9E7 /* User.swift */; };
		DA317ACE2319609C0001C9E7 /* User.swift in Sources */ = {isa = PBXBuildFile; fileRef = DA317ACC2319609C0001C9E7 /* User.swift */; };
		DA317AD123197B490001C9E7 /* UserService.swift in Sources */ = {isa = PBXBuildFile; fileRef = DA317AD023197B490001C9E7 /* UserService.swift */; };
		DA317AD223197B490001C9E7 /* UserService.swift in Sources */ = {isa = PBXBuildFile; fileRef = DA317AD023197B490001C9E7 /* UserService.swift */; };
		DA4B0DBA230AC0B7007947C3 /* AppDelegate.swift in Sources */ = {isa = PBXBuildFile; fileRef = DA4B0DB9230AC0B7007947C3 /* AppDelegate.swift */; };
		DA4B0DBC230AC0B7007947C3 /* HomeVC.swift in Sources */ = {isa = PBXBuildFile; fileRef = DA4B0DBB230AC0B7007947C3 /* HomeVC.swift */; };
		DA4B0DBF230AC0B7007947C3 /* Main.storyboard in Resources */ = {isa = PBXBuildFile; fileRef = DA4B0DBD230AC0B7007947C3 /* Main.storyboard */; };
		DA4B0DC1230AC0B7007947C3 /* Assets.xcassets in Resources */ = {isa = PBXBuildFile; fileRef = DA4B0DC0230AC0B7007947C3 /* Assets.xcassets */; };
		DA4B0DC4230AC0B7007947C3 /* LaunchScreen.storyboard in Resources */ = {isa = PBXBuildFile; fileRef = DA4B0DC2230AC0B7007947C3 /* LaunchScreen.storyboard */; };
		DA4B0DCF230AC0B8007947C3 /* AretctTests.swift in Sources */ = {isa = PBXBuildFile; fileRef = DA4B0DCE230AC0B8007947C3 /* AretctTests.swift */; };
		DA4B0DDA230AC0B8007947C3 /* AretctUITests.swift in Sources */ = {isa = PBXBuildFile; fileRef = DA4B0DD9230AC0B8007947C3 /* AretctUITests.swift */; };
		DA4B0DEE230AC109007947C3 /* AppDelegate.swift in Sources */ = {isa = PBXBuildFile; fileRef = DA4B0DED230AC109007947C3 /* AppDelegate.swift */; };
		DA4B0DF0230AC109007947C3 /* AdminHomeVC.swift in Sources */ = {isa = PBXBuildFile; fileRef = DA4B0DEF230AC109007947C3 /* AdminHomeVC.swift */; };
		DA4B0DF3230AC109007947C3 /* Main.storyboard in Resources */ = {isa = PBXBuildFile; fileRef = DA4B0DF1230AC109007947C3 /* Main.storyboard */; };
		DA4B0DF8230AC10A007947C3 /* LaunchScreen.storyboard in Resources */ = {isa = PBXBuildFile; fileRef = DA4B0DF6230AC10A007947C3 /* LaunchScreen.storyboard */; };
		DA4B0E03230AC10A007947C3 /* AretctAdminTests.swift in Sources */ = {isa = PBXBuildFile; fileRef = DA4B0E02230AC10A007947C3 /* AretctAdminTests.swift */; };
		DA4B0E0E230AC10A007947C3 /* AretctAdminUITests.swift in Sources */ = {isa = PBXBuildFile; fileRef = DA4B0E0D230AC10A007947C3 /* AretctAdminUITests.swift */; };
		DA4B0E1A230AC1C4007947C3 /* Assets.xcassets in Resources */ = {isa = PBXBuildFile; fileRef = DA4B0DC0230AC0B7007947C3 /* Assets.xcassets */; };
		DA4B0E1C230AED7A007947C3 /* LoginStoryboard.storyboard in Resources */ = {isa = PBXBuildFile; fileRef = DA4B0E1B230AED7A007947C3 /* LoginStoryboard.storyboard */; };
		DA4B0E1E230B0758007947C3 /* GoogleService-Info.plist in Resources */ = {isa = PBXBuildFile; fileRef = DA4B0E1D230B0758007947C3 /* GoogleService-Info.plist */; };
		DA4B0E20230B0986007947C3 /* GoogleService-Info.plist in Resources */ = {isa = PBXBuildFile; fileRef = DA4B0E1F230B0986007947C3 /* GoogleService-Info.plist */; };
		DA4B0E26230B11A0007947C3 /* LoginVC.swift in Sources */ = {isa = PBXBuildFile; fileRef = DA4B0E25230B11A0007947C3 /* LoginVC.swift */; };
		DA4B0E28230B11CF007947C3 /* RegisterVC.swift in Sources */ = {isa = PBXBuildFile; fileRef = DA4B0E27230B11CF007947C3 /* RegisterVC.swift */; };
		DA4B0E2B23101A78007947C3 /* Constants.swift in Sources */ = {isa = PBXBuildFile; fileRef = DA4B0E2A23101A78007947C3 /* Constants.swift */; };
		DA4B0E2E231021DD007947C3 /* RoundedViews.swift in Sources */ = {isa = PBXBuildFile; fileRef = DA4B0E2D231021DD007947C3 /* RoundedViews.swift */; };
		DA4B0E30231031E8007947C3 /* Extension.swift in Sources */ = {isa = PBXBuildFile; fileRef = DA4B0E2F231031E8007947C3 /* Extension.swift */; };
		DA4B0E3423111C34007947C3 /* ForgotPasswordVC.swift in Sources */ = {isa = PBXBuildFile; fileRef = DA4B0E3223111C34007947C3 /* ForgotPasswordVC.swift */; };
		DA4B0E3523111C34007947C3 /* ForgotPasswordVC.xib in Resources */ = {isa = PBXBuildFile; fileRef = DA4B0E3323111C34007947C3 /* ForgotPasswordVC.xib */; };
		DA4B0E372311309C007947C3 /* Firebase+Utils.swift in Sources */ = {isa = PBXBuildFile; fileRef = DA4B0E362311309C007947C3 /* Firebase+Utils.swift */; };
		DA4B0E3823113186007947C3 /* Firebase+Utils.swift in Sources */ = {isa = PBXBuildFile; fileRef = DA4B0E362311309C007947C3 /* Firebase+Utils.swift */; };
		DA4B0E3A23115CDD007947C3 /* Category.swift in Sources */ = {isa = PBXBuildFile; fileRef = DA4B0E3923115CDD007947C3 /* Category.swift */; };
		DA4B0E3B23115CEE007947C3 /* Category.swift in Sources */ = {isa = PBXBuildFile; fileRef = DA4B0E3923115CDD007947C3 /* Category.swift */; };
		DA4B0E3E23115E93007947C3 /* CategoryCell.swift in Sources */ = {isa = PBXBuildFile; fileRef = DA4B0E3C23115E93007947C3 /* CategoryCell.swift */; };
		DA4B0E3F23115E93007947C3 /* CategoryCell.swift in Sources */ = {isa = PBXBuildFile; fileRef = DA4B0E3C23115E93007947C3 /* CategoryCell.swift */; };
		DA4B0E4023115E93007947C3 /* CategoryCell.xib in Resources */ = {isa = PBXBuildFile; fileRef = DA4B0E3D23115E93007947C3 /* CategoryCell.xib */; };
		DA4B0E4123115E93007947C3 /* CategoryCell.xib in Resources */ = {isa = PBXBuildFile; fileRef = DA4B0E3D23115E93007947C3 /* CategoryCell.xib */; };
		DA4B0E4423117835007947C3 /* ProductsVC.swift in Sources */ = {isa = PBXBuildFile; fileRef = DA4B0E4323117835007947C3 /* ProductsVC.swift */; };
		DA4B0E4523117835007947C3 /* ProductsVC.swift in Sources */ = {isa = PBXBuildFile; fileRef = DA4B0E4323117835007947C3 /* ProductsVC.swift */; };
		DA4B0E472311795C007947C3 /* Product.swift in Sources */ = {isa = PBXBuildFile; fileRef = DA4B0E462311795C007947C3 /* Product.swift */; };
		DA4B0E482311795C007947C3 /* Product.swift in Sources */ = {isa = PBXBuildFile; fileRef = DA4B0E462311795C007947C3 /* Product.swift */; };
		DA4B0E4B23117AD4007947C3 /* ProductCell.swift in Sources */ = {isa = PBXBuildFile; fileRef = DA4B0E4923117AD4007947C3 /* ProductCell.swift */; };
		DA4B0E4C23117AD4007947C3 /* ProductCell.swift in Sources */ = {isa = PBXBuildFile; fileRef = DA4B0E4923117AD4007947C3 /* ProductCell.swift */; };
		DA4B0E4D23117AD4007947C3 /* ProductCell.xib in Resources */ = {isa = PBXBuildFile; fileRef = DA4B0E4A23117AD4007947C3 /* ProductCell.xib */; };
		DA4B0E4E23117AD4007947C3 /* ProductCell.xib in Resources */ = {isa = PBXBuildFile; fileRef = DA4B0E4A23117AD4007947C3 /* ProductCell.xib */; };
		DA774F132313DA3B00C42ADA /* ProductDetailVC.swift in Sources */ = {isa = PBXBuildFile; fileRef = DA774F112313DA3B00C42ADA /* ProductDetailVC.swift */; };
		DA774F142313DA3B00C42ADA /* ProductDetailVC.xib in Resources */ = {isa = PBXBuildFile; fileRef = DA774F122313DA3B00C42ADA /* ProductDetailVC.xib */; };
/* End PBXBuildFile section */

/* Begin PBXContainerItemProxy section */
		DA4B0DCB230AC0B8007947C3 /* PBXContainerItemProxy */ = {
			isa = PBXContainerItemProxy;
			containerPortal = DA4B0DAE230AC0B7007947C3 /* Project object */;
			proxyType = 1;
			remoteGlobalIDString = DA4B0DB5230AC0B7007947C3;
			remoteInfo = Aretct;
		};
		DA4B0DD6230AC0B8007947C3 /* PBXContainerItemProxy */ = {
			isa = PBXContainerItemProxy;
			containerPortal = DA4B0DAE230AC0B7007947C3 /* Project object */;
			proxyType = 1;
			remoteGlobalIDString = DA4B0DB5230AC0B7007947C3;
			remoteInfo = Aretct;
		};
		DA4B0DFF230AC10A007947C3 /* PBXContainerItemProxy */ = {
			isa = PBXContainerItemProxy;
			containerPortal = DA4B0DAE230AC0B7007947C3 /* Project object */;
			proxyType = 1;
			remoteGlobalIDString = DA4B0DEA230AC109007947C3;
			remoteInfo = AretctAdmin;
		};
		DA4B0E0A230AC10A007947C3 /* PBXContainerItemProxy */ = {
			isa = PBXContainerItemProxy;
			containerPortal = DA4B0DAE230AC0B7007947C3 /* Project object */;
			proxyType = 1;
			remoteGlobalIDString = DA4B0DEA230AC109007947C3;
			remoteInfo = AretctAdmin;
		};
/* End PBXContainerItemProxy section */

/* Begin PBXFileReference section */
		055FEFBBB14389C3A49BFC44 /* Pods-AretctAdminUITests.debug.xcconfig */ = {isa = PBXFileReference; includeInIndex = 1; lastKnownFileType = text.xcconfig; name = "Pods-AretctAdminUITests.debug.xcconfig"; path = "Pods/Target Support Files/Pods-AretctAdminUITests/Pods-AretctAdminUITests.debug.xcconfig"; sourceTree = "<group>"; };
		09778858FEC0703CC78CE1E8 /* Pods-AretctTests.debug.xcconfig */ = {isa = PBXFileReference; includeInIndex = 1; lastKnownFileType = text.xcconfig; name = "Pods-AretctTests.debug.xcconfig"; path = "Pods/Target Support Files/Pods-AretctTests/Pods-AretctTests.debug.xcconfig"; sourceTree = "<group>"; };
		347AA22B7387C598AAD204FB /* Pods_AretctTests.framework */ = {isa = PBXFileReference; explicitFileType = wrapper.framework; includeInIndex = 0; path = Pods_AretctTests.framework; sourceTree = BUILT_PRODUCTS_DIR; };
		6AD16BEA04426FD929657BDA /* Pods-Aretct.release.xcconfig */ = {isa = PBXFileReference; includeInIndex = 1; lastKnownFileType = text.xcconfig; name = "Pods-Aretct.release.xcconfig"; path = "Pods/Target Support Files/Pods-Aretct/Pods-Aretct.release.xcconfig"; sourceTree = "<group>"; };
		7025BE4850E635C17251684C /* Pods-AretctUITests.debug.xcconfig */ = {isa = PBXFileReference; includeInIndex = 1; lastKnownFileType = text.xcconfig; name = "Pods-AretctUITests.debug.xcconfig"; path = "Pods/Target Support Files/Pods-AretctUITests/Pods-AretctUITests.debug.xcconfig"; sourceTree = "<group>"; };
		7D478A4753060108FF463BEB /* Pods_AretctAdminUITests.framework */ = {isa = PBXFileReference; explicitFileType = wrapper.framework; includeInIndex = 0; path = Pods_AretctAdminUITests.framework; sourceTree = BUILT_PRODUCTS_DIR; };
		A1425162ACE78DB0A2AFF62B /* Pods-AretctAdmin.debug.xcconfig */ = {isa = PBXFileReference; includeInIndex = 1; lastKnownFileType = text.xcconfig; name = "Pods-AretctAdmin.debug.xcconfig"; path = "Pods/Target Support Files/Pods-AretctAdmin/Pods-AretctAdmin.debug.xcconfig"; sourceTree = "<group>"; };
		A74F98A0B3BA272AA770AED3 /* Pods-AretctAdminUITests.release.xcconfig */ = {isa = PBXFileReference; includeInIndex = 1; lastKnownFileType = text.xcconfig; name = "Pods-AretctAdminUITests.release.xcconfig"; path = "Pods/Target Support Files/Pods-AretctAdminUITests/Pods-AretctAdminUITests.release.xcconfig"; sourceTree = "<group>"; };
		A78CF1451EFACD7CDF83305A /* Pods_AretctUITests.framework */ = {isa = PBXFileReference; explicitFileType = wrapper.framework; includeInIndex = 0; path = Pods_AretctUITests.framework; sourceTree = BUILT_PRODUCTS_DIR; };
		CB8BB071548594FFEB03AEAD /* Pods-AretctAdminTests.debug.xcconfig */ = {isa = PBXFileReference; includeInIndex = 1; lastKnownFileType = text.xcconfig; name = "Pods-AretctAdminTests.debug.xcconfig"; path = "Pods/Target Support Files/Pods-AretctAdminTests/Pods-AretctAdminTests.debug.xcconfig"; sourceTree = "<group>"; };
		CECD0420851B96DA7100489A /* Pods_AretctAdmin.framework */ = {isa = PBXFileReference; explicitFileType = wrapper.framework; includeInIndex = 0; path = Pods_AretctAdmin.framework; sourceTree = BUILT_PRODUCTS_DIR; };
		D13F9D9E9A195D519CC24A6A /* Pods-AretctAdmin.release.xcconfig */ = {isa = PBXFileReference; includeInIndex = 1; lastKnownFileType = text.xcconfig; name = "Pods-AretctAdmin.release.xcconfig"; path = "Pods/Target Support Files/Pods-AretctAdmin/Pods-AretctAdmin.release.xcconfig"; sourceTree = "<group>"; };
		DA317AC5231409740001C9E7 /* AddEditCategoryVC.swift */ = {isa = PBXFileReference; lastKnownFileType = sourcecode.swift; path = AddEditCategoryVC.swift; sourceTree = "<group>"; };
		DA317AC82316E40F0001C9E7 /* AdminProductsVC.swift */ = {isa = PBXFileReference; lastKnownFileType = sourcecode.swift; path = AdminProductsVC.swift; sourceTree = "<group>"; };
		DA317ACA2316EC810001C9E7 /* AddEditProductsVC.swift */ = {isa = PBXFileReference; lastKnownFileType = sourcecode.swift; path = AddEditProductsVC.swift; sourceTree = "<group>"; };
		DA317ACC2319609C0001C9E7 /* User.swift */ = {isa = PBXFileReference; lastKnownFileType = sourcecode.swift; path = User.swift; sourceTree = "<group>"; };
		DA317AD023197B490001C9E7 /* UserService.swift */ = {isa = PBXFileReference; lastKnownFileType = sourcecode.swift; path = UserService.swift; sourceTree = "<group>"; };
		DA4B0DB6230AC0B7007947C3 /* Aretct.app */ = {isa = PBXFileReference; explicitFileType = wrapper.application; includeInIndex = 0; path = Aretct.app; sourceTree = BUILT_PRODUCTS_DIR; };
		DA4B0DB9230AC0B7007947C3 /* AppDelegate.swift */ = {isa = PBXFileReference; lastKnownFileType = sourcecode.swift; path = AppDelegate.swift; sourceTree = "<group>"; };
		DA4B0DBB230AC0B7007947C3 /* HomeVC.swift */ = {isa = PBXFileReference; lastKnownFileType = sourcecode.swift; path = HomeVC.swift; sourceTree = "<group>"; };
		DA4B0DBE230AC0B7007947C3 /* Base */ = {isa = PBXFileReference; lastKnownFileType = file.storyboard; name = Base; path = Base.lproj/Main.storyboard; sourceTree = "<group>"; };
		DA4B0DC0230AC0B7007947C3 /* Assets.xcassets */ = {isa = PBXFileReference; lastKnownFileType = folder.assetcatalog; path = Assets.xcassets; sourceTree = "<group>"; };
		DA4B0DC3230AC0B7007947C3 /* Base */ = {isa = PBXFileReference; lastKnownFileType = file.storyboard; name = Base; path = Base.lproj/LaunchScreen.storyboard; sourceTree = "<group>"; };
		DA4B0DC5230AC0B7007947C3 /* Info.plist */ = {isa = PBXFileReference; lastKnownFileType = text.plist.xml; path = Info.plist; sourceTree = "<group>"; };
		DA4B0DCA230AC0B8007947C3 /* AretctTests.xctest */ = {isa = PBXFileReference; explicitFileType = wrapper.cfbundle; includeInIndex = 0; path = AretctTests.xctest; sourceTree = BUILT_PRODUCTS_DIR; };
		DA4B0DCE230AC0B8007947C3 /* AretctTests.swift */ = {isa = PBXFileReference; lastKnownFileType = sourcecode.swift; path = AretctTests.swift; sourceTree = "<group>"; };
		DA4B0DD0230AC0B8007947C3 /* Info.plist */ = {isa = PBXFileReference; lastKnownFileType = text.plist.xml; path = Info.plist; sourceTree = "<group>"; };
		DA4B0DD5230AC0B8007947C3 /* AretctUITests.xctest */ = {isa = PBXFileReference; explicitFileType = wrapper.cfbundle; includeInIndex = 0; path = AretctUITests.xctest; sourceTree = BUILT_PRODUCTS_DIR; };
		DA4B0DD9230AC0B8007947C3 /* AretctUITests.swift */ = {isa = PBXFileReference; lastKnownFileType = sourcecode.swift; path = AretctUITests.swift; sourceTree = "<group>"; };
		DA4B0DDB230AC0B8007947C3 /* Info.plist */ = {isa = PBXFileReference; lastKnownFileType = text.plist.xml; path = Info.plist; sourceTree = "<group>"; };
		DA4B0DEB230AC109007947C3 /* AretctAdmin.app */ = {isa = PBXFileReference; explicitFileType = wrapper.application; includeInIndex = 0; path = AretctAdmin.app; sourceTree = BUILT_PRODUCTS_DIR; };
		DA4B0DED230AC109007947C3 /* AppDelegate.swift */ = {isa = PBXFileReference; lastKnownFileType = sourcecode.swift; path = AppDelegate.swift; sourceTree = "<group>"; };
		DA4B0DEF230AC109007947C3 /* AdminHomeVC.swift */ = {isa = PBXFileReference; lastKnownFileType = sourcecode.swift; path = AdminHomeVC.swift; sourceTree = "<group>"; };
		DA4B0DF2230AC109007947C3 /* Base */ = {isa = PBXFileReference; lastKnownFileType = file.storyboard; name = Base; path = Base.lproj/Main.storyboard; sourceTree = "<group>"; };
		DA4B0DF7230AC10A007947C3 /* Base */ = {isa = PBXFileReference; lastKnownFileType = file.storyboard; name = Base; path = Base.lproj/LaunchScreen.storyboard; sourceTree = "<group>"; };
		DA4B0DF9230AC10A007947C3 /* Info.plist */ = {isa = PBXFileReference; lastKnownFileType = text.plist.xml; path = Info.plist; sourceTree = "<group>"; };
		DA4B0DFE230AC10A007947C3 /* AretctAdminTests.xctest */ = {isa = PBXFileReference; explicitFileType = wrapper.cfbundle; includeInIndex = 0; path = AretctAdminTests.xctest; sourceTree = BUILT_PRODUCTS_DIR; };
		DA4B0E02230AC10A007947C3 /* AretctAdminTests.swift */ = {isa = PBXFileReference; lastKnownFileType = sourcecode.swift; path = AretctAdminTests.swift; sourceTree = "<group>"; };
		DA4B0E04230AC10A007947C3 /* Info.plist */ = {isa = PBXFileReference; lastKnownFileType = text.plist.xml; path = Info.plist; sourceTree = "<group>"; };
		DA4B0E09230AC10A007947C3 /* AretctAdminUITests.xctest */ = {isa = PBXFileReference; explicitFileType = wrapper.cfbundle; includeInIndex = 0; path = AretctAdminUITests.xctest; sourceTree = BUILT_PRODUCTS_DIR; };
		DA4B0E0D230AC10A007947C3 /* AretctAdminUITests.swift */ = {isa = PBXFileReference; lastKnownFileType = sourcecode.swift; path = AretctAdminUITests.swift; sourceTree = "<group>"; };
		DA4B0E0F230AC10A007947C3 /* Info.plist */ = {isa = PBXFileReference; lastKnownFileType = text.plist.xml; path = Info.plist; sourceTree = "<group>"; };
		DA4B0E1B230AED7A007947C3 /* LoginStoryboard.storyboard */ = {isa = PBXFileReference; lastKnownFileType = file.storyboard; path = LoginStoryboard.storyboard; sourceTree = "<group>"; };
		DA4B0E1D230B0758007947C3 /* GoogleService-Info.plist */ = {isa = PBXFileReference; fileEncoding = 4; lastKnownFileType = text.plist.xml; path = "GoogleService-Info.plist"; sourceTree = "<group>"; };
		DA4B0E1F230B0986007947C3 /* GoogleService-Info.plist */ = {isa = PBXFileReference; fileEncoding = 4; lastKnownFileType = text.plist.xml; path = "GoogleService-Info.plist"; sourceTree = "<group>"; };
		DA4B0E25230B11A0007947C3 /* LoginVC.swift */ = {isa = PBXFileReference; lastKnownFileType = sourcecode.swift; path = LoginVC.swift; sourceTree = "<group>"; };
		DA4B0E27230B11CF007947C3 /* RegisterVC.swift */ = {isa = PBXFileReference; lastKnownFileType = sourcecode.swift; path = RegisterVC.swift; sourceTree = "<group>"; };
		DA4B0E2A23101A78007947C3 /* Constants.swift */ = {isa = PBXFileReference; lastKnownFileType = sourcecode.swift; path = Constants.swift; sourceTree = "<group>"; };
		DA4B0E2D231021DD007947C3 /* RoundedViews.swift */ = {isa = PBXFileReference; lastKnownFileType = sourcecode.swift; path = RoundedViews.swift; sourceTree = "<group>"; };
		DA4B0E2F231031E8007947C3 /* Extension.swift */ = {isa = PBXFileReference; lastKnownFileType = sourcecode.swift; path = Extension.swift; sourceTree = "<group>"; };
		DA4B0E3223111C34007947C3 /* ForgotPasswordVC.swift */ = {isa = PBXFileReference; lastKnownFileType = sourcecode.swift; path = ForgotPasswordVC.swift; sourceTree = "<group>"; };
		DA4B0E3323111C34007947C3 /* ForgotPasswordVC.xib */ = {isa = PBXFileReference; lastKnownFileType = file.xib; path = ForgotPasswordVC.xib; sourceTree = "<group>"; };
		DA4B0E362311309C007947C3 /* Firebase+Utils.swift */ = {isa = PBXFileReference; lastKnownFileType = sourcecode.swift; path = "Firebase+Utils.swift"; sourceTree = "<group>"; };
		DA4B0E3923115CDD007947C3 /* Category.swift */ = {isa = PBXFileReference; lastKnownFileType = sourcecode.swift; path = Category.swift; sourceTree = "<group>"; };
		DA4B0E3C23115E93007947C3 /* CategoryCell.swift */ = {isa = PBXFileReference; lastKnownFileType = sourcecode.swift; path = CategoryCell.swift; sourceTree = "<group>"; };
		DA4B0E3D23115E93007947C3 /* CategoryCell.xib */ = {isa = PBXFileReference; lastKnownFileType = file.xib; path = CategoryCell.xib; sourceTree = "<group>"; };
		DA4B0E4323117835007947C3 /* ProductsVC.swift */ = {isa = PBXFileReference; lastKnownFileType = sourcecode.swift; path = ProductsVC.swift; sourceTree = "<group>"; };
		DA4B0E462311795C007947C3 /* Product.swift */ = {isa = PBXFileReference; lastKnownFileType = sourcecode.swift; path = Product.swift; sourceTree = "<group>"; };
		DA4B0E4923117AD4007947C3 /* ProductCell.swift */ = {isa = PBXFileReference; lastKnownFileType = sourcecode.swift; path = ProductCell.swift; sourceTree = "<group>"; };
		DA4B0E4A23117AD4007947C3 /* ProductCell.xib */ = {isa = PBXFileReference; lastKnownFileType = file.xib; path = ProductCell.xib; sourceTree = "<group>"; };
		DA774F112313DA3B00C42ADA /* ProductDetailVC.swift */ = {isa = PBXFileReference; lastKnownFileType = sourcecode.swift; path = ProductDetailVC.swift; sourceTree = "<group>"; };
		DA774F122313DA3B00C42ADA /* ProductDetailVC.xib */ = {isa = PBXFileReference; lastKnownFileType = file.xib; path = ProductDetailVC.xib; sourceTree = "<group>"; };
		E337F8ECB6BD087570C0B1F1 /* Pods_Aretct.framework */ = {isa = PBXFileReference; explicitFileType = wrapper.framework; includeInIndex = 0; path = Pods_Aretct.framework; sourceTree = BUILT_PRODUCTS_DIR; };
		E4CEC648DA7DE319313B6E9C /* Pods-Aretct.debug.xcconfig */ = {isa = PBXFileReference; includeInIndex = 1; lastKnownFileType = text.xcconfig; name = "Pods-Aretct.debug.xcconfig"; path = "Pods/Target Support Files/Pods-Aretct/Pods-Aretct.debug.xcconfig"; sourceTree = "<group>"; };
		E61FD73E9B53952FAE2BF46E /* Pods-AretctUITests.release.xcconfig */ = {isa = PBXFileReference; includeInIndex = 1; lastKnownFileType = text.xcconfig; name = "Pods-AretctUITests.release.xcconfig"; path = "Pods/Target Support Files/Pods-AretctUITests/Pods-AretctUITests.release.xcconfig"; sourceTree = "<group>"; };
		ECD78BC86704201E081B845D /* Pods-AretctTests.release.xcconfig */ = {isa = PBXFileReference; includeInIndex = 1; lastKnownFileType = text.xcconfig; name = "Pods-AretctTests.release.xcconfig"; path = "Pods/Target Support Files/Pods-AretctTests/Pods-AretctTests.release.xcconfig"; sourceTree = "<group>"; };
		FB59BD9B94FBA2C44BCA2E78 /* Pods-AretctAdminTests.release.xcconfig */ = {isa = PBXFileReference; includeInIndex = 1; lastKnownFileType = text.xcconfig; name = "Pods-AretctAdminTests.release.xcconfig"; path = "Pods/Target Support Files/Pods-AretctAdminTests/Pods-AretctAdminTests.release.xcconfig"; sourceTree = "<group>"; };
		FC8CF662ED4B5E2543CA7F50 /* Pods_AretctAdminTests.framework */ = {isa = PBXFileReference; explicitFileType = wrapper.framework; includeInIndex = 0; path = Pods_AretctAdminTests.framework; sourceTree = BUILT_PRODUCTS_DIR; };
/* End PBXFileReference section */

/* Begin PBXFrameworksBuildPhase section */
		DA4B0DB3230AC0B7007947C3 /* Frameworks */ = {
			isa = PBXFrameworksBuildPhase;
			buildActionMask = 2147483647;
			files = (
				826A3714807506292F6265C3 /* Pods_Aretct.framework in Frameworks */,
			);
			runOnlyForDeploymentPostprocessing = 0;
		};
		DA4B0DC7230AC0B8007947C3 /* Frameworks */ = {
			isa = PBXFrameworksBuildPhase;
			buildActionMask = 2147483647;
			files = (
				882C49D658AAE040F941FE45 /* Pods_AretctTests.framework in Frameworks */,
			);
			runOnlyForDeploymentPostprocessing = 0;
		};
		DA4B0DD2230AC0B8007947C3 /* Frameworks */ = {
			isa = PBXFrameworksBuildPhase;
			buildActionMask = 2147483647;
			files = (
				323D15FE94CDDF0ED955A95D /* Pods_AretctUITests.framework in Frameworks */,
			);
			runOnlyForDeploymentPostprocessing = 0;
		};
		DA4B0DE8230AC109007947C3 /* Frameworks */ = {
			isa = PBXFrameworksBuildPhase;
			buildActionMask = 2147483647;
			files = (
				927F0049707C14D0D6C4793D /* Pods_AretctAdmin.framework in Frameworks */,
			);
			runOnlyForDeploymentPostprocessing = 0;
		};
		DA4B0DFB230AC10A007947C3 /* Frameworks */ = {
			isa = PBXFrameworksBuildPhase;
			buildActionMask = 2147483647;
			files = (
				AF694561AC93DC4206D20DE6 /* Pods_AretctAdminTests.framework in Frameworks */,
			);
			runOnlyForDeploymentPostprocessing = 0;
		};
		DA4B0E06230AC10A007947C3 /* Frameworks */ = {
			isa = PBXFrameworksBuildPhase;
			buildActionMask = 2147483647;
			files = (
				19AF2ADE2184E5BCC986F38A /* Pods_AretctAdminUITests.framework in Frameworks */,
			);
			runOnlyForDeploymentPostprocessing = 0;
		};
/* End PBXFrameworksBuildPhase section */

/* Begin PBXGroup section */
		B264120F75F01F1DD4A2E3EB /* Pods */ = {
			isa = PBXGroup;
			children = (
				E4CEC648DA7DE319313B6E9C /* Pods-Aretct.debug.xcconfig */,
				6AD16BEA04426FD929657BDA /* Pods-Aretct.release.xcconfig */,
				A1425162ACE78DB0A2AFF62B /* Pods-AretctAdmin.debug.xcconfig */,
				D13F9D9E9A195D519CC24A6A /* Pods-AretctAdmin.release.xcconfig */,
				CB8BB071548594FFEB03AEAD /* Pods-AretctAdminTests.debug.xcconfig */,
				FB59BD9B94FBA2C44BCA2E78 /* Pods-AretctAdminTests.release.xcconfig */,
				055FEFBBB14389C3A49BFC44 /* Pods-AretctAdminUITests.debug.xcconfig */,
				A74F98A0B3BA272AA770AED3 /* Pods-AretctAdminUITests.release.xcconfig */,
				09778858FEC0703CC78CE1E8 /* Pods-AretctTests.debug.xcconfig */,
				ECD78BC86704201E081B845D /* Pods-AretctTests.release.xcconfig */,
				7025BE4850E635C17251684C /* Pods-AretctUITests.debug.xcconfig */,
				E61FD73E9B53952FAE2BF46E /* Pods-AretctUITests.release.xcconfig */,
			);
			name = Pods;
			sourceTree = "<group>";
		};
		DA317AC7231409890001C9E7 /* Controller */ = {
			isa = PBXGroup;
			children = (
				DA4B0DED230AC109007947C3 /* AppDelegate.swift */,
				DA4B0DEF230AC109007947C3 /* AdminHomeVC.swift */,
				DA317AC5231409740001C9E7 /* AddEditCategoryVC.swift */,
				DA317AC82316E40F0001C9E7 /* AdminProductsVC.swift */,
				DA317ACA2316EC810001C9E7 /* AddEditProductsVC.swift */,
			);
			path = Controller;
			sourceTree = "<group>";
		};
		DA317ACF231971AD0001C9E7 /* Services */ = {
			isa = PBXGroup;
			children = (
				DA317AD023197B490001C9E7 /* UserService.swift */,
			);
			path = Services;
			sourceTree = "<group>";
		};
		DA4B0DAD230AC0B7007947C3 = {
			isa = PBXGroup;
			children = (
				DA4B0E19230AC141007947C3 /* Shared */,
				DA4B0DB8230AC0B7007947C3 /* Aretct */,
				DA4B0DCD230AC0B8007947C3 /* AretctTests */,
				DA4B0DD8230AC0B8007947C3 /* AretctUITests */,
				DA4B0DEC230AC109007947C3 /* AretctAdmin */,
				DA4B0E01230AC10A007947C3 /* AretctAdminTests */,
				DA4B0E0C230AC10A007947C3 /* AretctAdminUITests */,
				DA4B0DB7230AC0B7007947C3 /* Products */,
				B264120F75F01F1DD4A2E3EB /* Pods */,
				ECCDCC5096178E540CDE7982 /* Frameworks */,
			);
			sourceTree = "<group>";
		};
		DA4B0DB7230AC0B7007947C3 /* Products */ = {
			isa = PBXGroup;
			children = (
				DA4B0DB6230AC0B7007947C3 /* Aretct.app */,
				DA4B0DCA230AC0B8007947C3 /* AretctTests.xctest */,
				DA4B0DD5230AC0B8007947C3 /* AretctUITests.xctest */,
				DA4B0DEB230AC109007947C3 /* AretctAdmin.app */,
				DA4B0DFE230AC10A007947C3 /* AretctAdminTests.xctest */,
				DA4B0E09230AC10A007947C3 /* AretctAdminUITests.xctest */,
			);
			name = Products;
			sourceTree = "<group>";
		};
		DA4B0DB8230AC0B7007947C3 /* Aretct */ = {
			isa = PBXGroup;
			children = (
				DA317ACF231971AD0001C9E7 /* Services */,
				DA4B0E3123111BD7007947C3 /* XIBs */,
				DA4B0E22230B10E4007947C3 /* View */,
				DA4B0E21230B10BA007947C3 /* Controller */,
				DA4B0E24230B1106007947C3 /* Storyboards */,
				DA4B0E1D230B0758007947C3 /* GoogleService-Info.plist */,
				DA4B0DC5230AC0B7007947C3 /* Info.plist */,
			);
			path = Aretct;
			sourceTree = "<group>";
		};
		DA4B0DCD230AC0B8007947C3 /* AretctTests */ = {
			isa = PBXGroup;
			children = (
				DA4B0DCE230AC0B8007947C3 /* AretctTests.swift */,
				DA4B0DD0230AC0B8007947C3 /* Info.plist */,
			);
			path = AretctTests;
			sourceTree = "<group>";
		};
		DA4B0DD8230AC0B8007947C3 /* AretctUITests */ = {
			isa = PBXGroup;
			children = (
				DA4B0DD9230AC0B8007947C3 /* AretctUITests.swift */,
				DA4B0DDB230AC0B8007947C3 /* Info.plist */,
			);
			path = AretctUITests;
			sourceTree = "<group>";
		};
		DA4B0DEC230AC109007947C3 /* AretctAdmin */ = {
			isa = PBXGroup;
			children = (
				DA317AC7231409890001C9E7 /* Controller */,
				DA4B0DF1230AC109007947C3 /* Main.storyboard */,
				DA4B0E1F230B0986007947C3 /* GoogleService-Info.plist */,
				DA4B0DF6230AC10A007947C3 /* LaunchScreen.storyboard */,
				DA4B0DF9230AC10A007947C3 /* Info.plist */,
			);
			path = AretctAdmin;
			sourceTree = "<group>";
		};
		DA4B0E01230AC10A007947C3 /* AretctAdminTests */ = {
			isa = PBXGroup;
			children = (
				DA4B0E02230AC10A007947C3 /* AretctAdminTests.swift */,
				DA4B0E04230AC10A007947C3 /* Info.plist */,
			);
			path = AretctAdminTests;
			sourceTree = "<group>";
		};
		DA4B0E0C230AC10A007947C3 /* AretctAdminUITests */ = {
			isa = PBXGroup;
			children = (
				DA4B0E0D230AC10A007947C3 /* AretctAdminUITests.swift */,
				DA4B0E0F230AC10A007947C3 /* Info.plist */,
			);
			path = AretctAdminUITests;
			sourceTree = "<group>";
		};
		DA4B0E19230AC141007947C3 /* Shared */ = {
			isa = PBXGroup;
			children = (
				DA4B0E4223115EAD007947C3 /* XIBs */,
				DA4B0E23230B10F0007947C3 /* Model */,
				DA4B0E2C231021B7007947C3 /* View */,
				DA4B0E2923101A1B007947C3 /* Utils */,
				DA4B0DC0230AC0B7007947C3 /* Assets.xcassets */,
			);
			path = Shared;
			sourceTree = "<group>";
		};
		DA4B0E21230B10BA007947C3 /* Controller */ = {
			isa = PBXGroup;
			children = (
				DA4B0DB9230AC0B7007947C3 /* AppDelegate.swift */,
				DA774F112313DA3B00C42ADA /* ProductDetailVC.swift */,
				DA4B0E25230B11A0007947C3 /* LoginVC.swift */,
				DA4B0E27230B11CF007947C3 /* RegisterVC.swift */,
				DA4B0DBB230AC0B7007947C3 /* HomeVC.swift */,
				DA4B0E4323117835007947C3 /* ProductsVC.swift */,
			);
			path = Controller;
			sourceTree = "<group>";
		};
		DA4B0E22230B10E4007947C3 /* View */ = {
			isa = PBXGroup;
			children = (
			);
			path = View;
			sourceTree = "<group>";
		};
		DA4B0E23230B10F0007947C3 /* Model */ = {
			isa = PBXGroup;
			children = (
				DA4B0E3923115CDD007947C3 /* Category.swift */,
				DA4B0E462311795C007947C3 /* Product.swift */,
				DA317ACC2319609C0001C9E7 /* User.swift */,
			);
			path = Model;
			sourceTree = "<group>";
		};
		DA4B0E24230B1106007947C3 /* Storyboards */ = {
			isa = PBXGroup;
			children = (
				DA4B0DC2230AC0B7007947C3 /* LaunchScreen.storyboard */,
				DA4B0E1B230AED7A007947C3 /* LoginStoryboard.storyboard */,
				DA4B0DBD230AC0B7007947C3 /* Main.storyboard */,
			);
			path = Storyboards;
			sourceTree = "<group>";
		};
		DA4B0E2923101A1B007947C3 /* Utils */ = {
			isa = PBXGroup;
			children = (
				DA4B0E2A23101A78007947C3 /* Constants.swift */,
				DA4B0E2F231031E8007947C3 /* Extension.swift */,
				DA4B0E362311309C007947C3 /* Firebase+Utils.swift */,
			);
			path = Utils;
			sourceTree = "<group>";
		};
		DA4B0E2C231021B7007947C3 /* View */ = {
			isa = PBXGroup;
			children = (
				DA4B0E3C23115E93007947C3 /* CategoryCell.swift */,
				DA4B0E2D231021DD007947C3 /* RoundedViews.swift */,
				DA4B0E4923117AD4007947C3 /* ProductCell.swift */,
			);
			path = View;
			sourceTree = "<group>";
		};
		DA4B0E3123111BD7007947C3 /* XIBs */ = {
			isa = PBXGroup;
			children = (
				DA4B0E3223111C34007947C3 /* ForgotPasswordVC.swift */,
				DA4B0E3323111C34007947C3 /* ForgotPasswordVC.xib */,
				DA774F122313DA3B00C42ADA /* ProductDetailVC.xib */,
			);
			path = XIBs;
			sourceTree = "<group>";
		};
		DA4B0E4223115EAD007947C3 /* XIBs */ = {
			isa = PBXGroup;
			children = (
				DA4B0E4A23117AD4007947C3 /* ProductCell.xib */,
				DA4B0E3D23115E93007947C3 /* CategoryCell.xib */,
			);
			path = XIBs;
			sourceTree = "<group>";
		};
		ECCDCC5096178E540CDE7982 /* Frameworks */ = {
			isa = PBXGroup;
			children = (
				E337F8ECB6BD087570C0B1F1 /* Pods_Aretct.framework */,
				CECD0420851B96DA7100489A /* Pods_AretctAdmin.framework */,
				FC8CF662ED4B5E2543CA7F50 /* Pods_AretctAdminTests.framework */,
				7D478A4753060108FF463BEB /* Pods_AretctAdminUITests.framework */,
				347AA22B7387C598AAD204FB /* Pods_AretctTests.framework */,
				A78CF1451EFACD7CDF83305A /* Pods_AretctUITests.framework */,
			);
			name = Frameworks;
			sourceTree = "<group>";
		};
/* End PBXGroup section */

/* Begin PBXNativeTarget section */
		DA4B0DB5230AC0B7007947C3 /* Aretct */ = {
			isa = PBXNativeTarget;
			buildConfigurationList = DA4B0DDE230AC0B8007947C3 /* Build configuration list for PBXNativeTarget "Aretct" */;
			buildPhases = (
				51BF28F14626F5FBC998D345 /* [CP] Check Pods Manifest.lock */,
				DA4B0DB2230AC0B7007947C3 /* Sources */,
				DA4B0DB3230AC0B7007947C3 /* Frameworks */,
				DA4B0DB4230AC0B7007947C3 /* Resources */,
				2A918D65720328120AD32D5A /* [CP] Embed Pods Frameworks */,
			);
			buildRules = (
			);
			dependencies = (
			);
			name = Aretct;
			productName = Aretct;
			productReference = DA4B0DB6230AC0B7007947C3 /* Aretct.app */;
			productType = "com.apple.product-type.application";
		};
		DA4B0DC9230AC0B8007947C3 /* AretctTests */ = {
			isa = PBXNativeTarget;
			buildConfigurationList = DA4B0DE1230AC0B8007947C3 /* Build configuration list for PBXNativeTarget "AretctTests" */;
			buildPhases = (
				D0D1BBD6751EFD444EE34D87 /* [CP] Check Pods Manifest.lock */,
				DA4B0DC6230AC0B8007947C3 /* Sources */,
				DA4B0DC7230AC0B8007947C3 /* Frameworks */,
				DA4B0DC8230AC0B8007947C3 /* Resources */,
			);
			buildRules = (
			);
			dependencies = (
				DA4B0DCC230AC0B8007947C3 /* PBXTargetDependency */,
			);
			name = AretctTests;
			productName = AretctTests;
			productReference = DA4B0DCA230AC0B8007947C3 /* AretctTests.xctest */;
			productType = "com.apple.product-type.bundle.unit-test";
		};
		DA4B0DD4230AC0B8007947C3 /* AretctUITests */ = {
			isa = PBXNativeTarget;
			buildConfigurationList = DA4B0DE4230AC0B8007947C3 /* Build configuration list for PBXNativeTarget "AretctUITests" */;
			buildPhases = (
				F542D0D83E36A03456EE6BE3 /* [CP] Check Pods Manifest.lock */,
				DA4B0DD1230AC0B8007947C3 /* Sources */,
				DA4B0DD2230AC0B8007947C3 /* Frameworks */,
				DA4B0DD3230AC0B8007947C3 /* Resources */,
			);
			buildRules = (
			);
			dependencies = (
				DA4B0DD7230AC0B8007947C3 /* PBXTargetDependency */,
			);
			name = AretctUITests;
			productName = AretctUITests;
			productReference = DA4B0DD5230AC0B8007947C3 /* AretctUITests.xctest */;
			productType = "com.apple.product-type.bundle.ui-testing";
		};
		DA4B0DEA230AC109007947C3 /* AretctAdmin */ = {
			isa = PBXNativeTarget;
			buildConfigurationList = DA4B0E10230AC10A007947C3 /* Build configuration list for PBXNativeTarget "AretctAdmin" */;
			buildPhases = (
				47E80D1DEB51654F07656B03 /* [CP] Check Pods Manifest.lock */,
				DA4B0DE7230AC109007947C3 /* Sources */,
				DA4B0DE8230AC109007947C3 /* Frameworks */,
				DA4B0DE9230AC109007947C3 /* Resources */,
				815774A498F38AB784B1C863 /* [CP] Embed Pods Frameworks */,
			);
			buildRules = (
			);
			dependencies = (
			);
			name = AretctAdmin;
			productName = AretctAdmin;
			productReference = DA4B0DEB230AC109007947C3 /* AretctAdmin.app */;
			productType = "com.apple.product-type.application";
		};
		DA4B0DFD230AC10A007947C3 /* AretctAdminTests */ = {
			isa = PBXNativeTarget;
			buildConfigurationList = DA4B0E13230AC10A007947C3 /* Build configuration list for PBXNativeTarget "AretctAdminTests" */;
			buildPhases = (
				CE1952ACE5615DB2469EE474 /* [CP] Check Pods Manifest.lock */,
				DA4B0DFA230AC10A007947C3 /* Sources */,
				DA4B0DFB230AC10A007947C3 /* Frameworks */,
				DA4B0DFC230AC10A007947C3 /* Resources */,
			);
			buildRules = (
			);
			dependencies = (
				DA4B0E00230AC10A007947C3 /* PBXTargetDependency */,
			);
			name = AretctAdminTests;
			productName = AretctAdminTests;
			productReference = DA4B0DFE230AC10A007947C3 /* AretctAdminTests.xctest */;
			productType = "com.apple.product-type.bundle.unit-test";
		};
		DA4B0E08230AC10A007947C3 /* AretctAdminUITests */ = {
			isa = PBXNativeTarget;
			buildConfigurationList = DA4B0E16230AC10A007947C3 /* Build configuration list for PBXNativeTarget "AretctAdminUITests" */;
			buildPhases = (
				F8E1B93E756243CABCEE8F05 /* [CP] Check Pods Manifest.lock */,
				DA4B0E05230AC10A007947C3 /* Sources */,
				DA4B0E06230AC10A007947C3 /* Frameworks */,
				DA4B0E07230AC10A007947C3 /* Resources */,
			);
			buildRules = (
			);
			dependencies = (
				DA4B0E0B230AC10A007947C3 /* PBXTargetDependency */,
			);
			name = AretctAdminUITests;
			productName = AretctAdminUITests;
			productReference = DA4B0E09230AC10A007947C3 /* AretctAdminUITests.xctest */;
			productType = "com.apple.product-type.bundle.ui-testing";
		};
/* End PBXNativeTarget section */

/* Begin PBXProject section */
		DA4B0DAE230AC0B7007947C3 /* Project object */ = {
			isa = PBXProject;
			attributes = {
				LastSwiftUpdateCheck = 1020;
				LastUpgradeCheck = 1020;
				ORGANIZATIONNAME = yw;
				TargetAttributes = {
					DA4B0DB5230AC0B7007947C3 = {
						CreatedOnToolsVersion = 10.2.1;
					};
					DA4B0DC9230AC0B8007947C3 = {
						CreatedOnToolsVersion = 10.2.1;
						TestTargetID = DA4B0DB5230AC0B7007947C3;
					};
					DA4B0DD4230AC0B8007947C3 = {
						CreatedOnToolsVersion = 10.2.1;
						TestTargetID = DA4B0DB5230AC0B7007947C3;
					};
					DA4B0DEA230AC109007947C3 = {
						CreatedOnToolsVersion = 10.2.1;
					};
					DA4B0DFD230AC10A007947C3 = {
						CreatedOnToolsVersion = 10.2.1;
						TestTargetID = DA4B0DEA230AC109007947C3;
					};
					DA4B0E08230AC10A007947C3 = {
						CreatedOnToolsVersion = 10.2.1;
						TestTargetID = DA4B0DEA230AC109007947C3;
					};
				};
			};
			buildConfigurationList = DA4B0DB1230AC0B7007947C3 /* Build configuration list for PBXProject "Aretct" */;
			compatibilityVersion = "Xcode 9.3";
			developmentRegion = en;
			hasScannedForEncodings = 0;
			knownRegions = (
				en,
				Base,
			);
			mainGroup = DA4B0DAD230AC0B7007947C3;
			productRefGroup = DA4B0DB7230AC0B7007947C3 /* Products */;
			projectDirPath = "";
			projectRoot = "";
			targets = (
				DA4B0DB5230AC0B7007947C3 /* Aretct */,
				DA4B0DC9230AC0B8007947C3 /* AretctTests */,
				DA4B0DD4230AC0B8007947C3 /* AretctUITests */,
				DA4B0DEA230AC109007947C3 /* AretctAdmin */,
				DA4B0DFD230AC10A007947C3 /* AretctAdminTests */,
				DA4B0E08230AC10A007947C3 /* AretctAdminUITests */,
			);
		};
/* End PBXProject section */

/* Begin PBXResourcesBuildPhase section */
		DA4B0DB4230AC0B7007947C3 /* Resources */ = {
			isa = PBXResourcesBuildPhase;
			buildActionMask = 2147483647;
			files = (
				DA4B0DC4230AC0B7007947C3 /* LaunchScreen.storyboard in Resources */,
				DA4B0E4D23117AD4007947C3 /* ProductCell.xib in Resources */,
				DA4B0E4023115E93007947C3 /* CategoryCell.xib in Resources */,
				DA4B0DC1230AC0B7007947C3 /* Assets.xcassets in Resources */,
				DA4B0DBF230AC0B7007947C3 /* Main.storyboard in Resources */,
				DA4B0E1E230B0758007947C3 /* GoogleService-Info.plist in Resources */,
				DA774F142313DA3B00C42ADA /* ProductDetailVC.xib in Resources */,
				DA4B0E3523111C34007947C3 /* ForgotPasswordVC.xib in Resources */,
				DA4B0E1C230AED7A007947C3 /* LoginStoryboard.storyboard in Resources */,
			);
			runOnlyForDeploymentPostprocessing = 0;
		};
		DA4B0DC8230AC0B8007947C3 /* Resources */ = {
			isa = PBXResourcesBuildPhase;
			buildActionMask = 2147483647;
			files = (
			);
			runOnlyForDeploymentPostprocessing = 0;
		};
		DA4B0DD3230AC0B8007947C3 /* Resources */ = {
			isa = PBXResourcesBuildPhase;
			buildActionMask = 2147483647;
			files = (
			);
			runOnlyForDeploymentPostprocessing = 0;
		};
		DA4B0DE9230AC109007947C3 /* Resources */ = {
			isa = PBXResourcesBuildPhase;
			buildActionMask = 2147483647;
			files = (
				DA4B0E4123115E93007947C3 /* CategoryCell.xib in Resources */,
				DA4B0DF8230AC10A007947C3 /* LaunchScreen.storyboard in Resources */,
				DA4B0E20230B0986007947C3 /* GoogleService-Info.plist in Resources */,
				DA4B0E4E23117AD4007947C3 /* ProductCell.xib in Resources */,
				DA4B0E1A230AC1C4007947C3 /* Assets.xcassets in Resources */,
				DA4B0DF3230AC109007947C3 /* Main.storyboard in Resources */,
				DA317AC4231407DA0001C9E7 /* ProductDetailVC.xib in Resources */,
			);
			runOnlyForDeploymentPostprocessing = 0;
		};
		DA4B0DFC230AC10A007947C3 /* Resources */ = {
			isa = PBXResourcesBuildPhase;
			buildActionMask = 2147483647;
			files = (
			);
			runOnlyForDeploymentPostprocessing = 0;
		};
		DA4B0E07230AC10A007947C3 /* Resources */ = {
			isa = PBXResourcesBuildPhase;
			buildActionMask = 2147483647;
			files = (
			);
			runOnlyForDeploymentPostprocessing = 0;
		};
/* End PBXResourcesBuildPhase section */

/* Begin PBXShellScriptBuildPhase section */
		2A918D65720328120AD32D5A /* [CP] Embed Pods Frameworks */ = {
			isa = PBXShellScriptBuildPhase;
			buildActionMask = 2147483647;
			files = (
			);
			inputFileListPaths = (
				"${PODS_ROOT}/Target Support Files/Pods-Aretct/Pods-Aretct-frameworks-${CONFIGURATION}-input-files.xcfilelist",
			);
			name = "[CP] Embed Pods Frameworks";
			outputFileListPaths = (
				"${PODS_ROOT}/Target Support Files/Pods-Aretct/Pods-Aretct-frameworks-${CONFIGURATION}-output-files.xcfilelist",
			);
			runOnlyForDeploymentPostprocessing = 0;
			shellPath = /bin/sh;
			shellScript = "\"${PODS_ROOT}/Target Support Files/Pods-Aretct/Pods-Aretct-frameworks.sh\"\n";
			showEnvVarsInLog = 0;
		};
		47E80D1DEB51654F07656B03 /* [CP] Check Pods Manifest.lock */ = {
			isa = PBXShellScriptBuildPhase;
			buildActionMask = 2147483647;
			files = (
			);
			inputPaths = (
				"${PODS_PODFILE_DIR_PATH}/Podfile.lock",
				"${PODS_ROOT}/Manifest.lock",
			);
			name = "[CP] Check Pods Manifest.lock";
			outputPaths = (
				"$(DERIVED_FILE_DIR)/Pods-AretctAdmin-checkManifestLockResult.txt",
			);
			runOnlyForDeploymentPostprocessing = 0;
			shellPath = /bin/sh;
			shellScript = "diff \"${PODS_PODFILE_DIR_PATH}/Podfile.lock\" \"${PODS_ROOT}/Manifest.lock\" > /dev/null\nif [ $? != 0 ] ; then\n    # print error to STDERR\n    echo \"error: The sandbox is not in sync with the Podfile.lock. Run 'pod install' or update your CocoaPods installation.\" >&2\n    exit 1\nfi\n# This output is used by Xcode 'outputs' to avoid re-running this script phase.\necho \"SUCCESS\" > \"${SCRIPT_OUTPUT_FILE_0}\"\n";
			showEnvVarsInLog = 0;
		};
		51BF28F14626F5FBC998D345 /* [CP] Check Pods Manifest.lock */ = {
			isa = PBXShellScriptBuildPhase;
			buildActionMask = 2147483647;
			files = (
			);
			inputPaths = (
				"${PODS_PODFILE_DIR_PATH}/Podfile.lock",
				"${PODS_ROOT}/Manifest.lock",
			);
			name = "[CP] Check Pods Manifest.lock";
			outputPaths = (
				"$(DERIVED_FILE_DIR)/Pods-Aretct-checkManifestLockResult.txt",
			);
			runOnlyForDeploymentPostprocessing = 0;
			shellPath = /bin/sh;
			shellScript = "diff \"${PODS_PODFILE_DIR_PATH}/Podfile.lock\" \"${PODS_ROOT}/Manifest.lock\" > /dev/null\nif [ $? != 0 ] ; then\n    # print error to STDERR\n    echo \"error: The sandbox is not in sync with the Podfile.lock. Run 'pod install' or update your CocoaPods installation.\" >&2\n    exit 1\nfi\n# This output is used by Xcode 'outputs' to avoid re-running this script phase.\necho \"SUCCESS\" > \"${SCRIPT_OUTPUT_FILE_0}\"\n";
			showEnvVarsInLog = 0;
		};
		815774A498F38AB784B1C863 /* [CP] Embed Pods Frameworks */ = {
			isa = PBXShellScriptBuildPhase;
			buildActionMask = 2147483647;
			files = (
			);
			inputFileListPaths = (
				"${PODS_ROOT}/Target Support Files/Pods-AretctAdmin/Pods-AretctAdmin-frameworks-${CONFIGURATION}-input-files.xcfilelist",
			);
			name = "[CP] Embed Pods Frameworks";
			outputFileListPaths = (
				"${PODS_ROOT}/Target Support Files/Pods-AretctAdmin/Pods-AretctAdmin-frameworks-${CONFIGURATION}-output-files.xcfilelist",
			);
			runOnlyForDeploymentPostprocessing = 0;
			shellPath = /bin/sh;
			shellScript = "\"${PODS_ROOT}/Target Support Files/Pods-AretctAdmin/Pods-AretctAdmin-frameworks.sh\"\n";
			showEnvVarsInLog = 0;
		};
		CE1952ACE5615DB2469EE474 /* [CP] Check Pods Manifest.lock */ = {
			isa = PBXShellScriptBuildPhase;
			buildActionMask = 2147483647;
			files = (
			);
			inputPaths = (
				"${PODS_PODFILE_DIR_PATH}/Podfile.lock",
				"${PODS_ROOT}/Manifest.lock",
			);
			name = "[CP] Check Pods Manifest.lock";
			outputPaths = (
				"$(DERIVED_FILE_DIR)/Pods-AretctAdminTests-checkManifestLockResult.txt",
			);
			runOnlyForDeploymentPostprocessing = 0;
			shellPath = /bin/sh;
			shellScript = "diff \"${PODS_PODFILE_DIR_PATH}/Podfile.lock\" \"${PODS_ROOT}/Manifest.lock\" > /dev/null\nif [ $? != 0 ] ; then\n    # print error to STDERR\n    echo \"error: The sandbox is not in sync with the Podfile.lock. Run 'pod install' or update your CocoaPods installation.\" >&2\n    exit 1\nfi\n# This output is used by Xcode 'outputs' to avoid re-running this script phase.\necho \"SUCCESS\" > \"${SCRIPT_OUTPUT_FILE_0}\"\n";
			showEnvVarsInLog = 0;
		};
		D0D1BBD6751EFD444EE34D87 /* [CP] Check Pods Manifest.lock */ = {
			isa = PBXShellScriptBuildPhase;
			buildActionMask = 2147483647;
			files = (
			);
			inputPaths = (
				"${PODS_PODFILE_DIR_PATH}/Podfile.lock",
				"${PODS_ROOT}/Manifest.lock",
			);
			name = "[CP] Check Pods Manifest.lock";
			outputPaths = (
				"$(DERIVED_FILE_DIR)/Pods-AretctTests-checkManifestLockResult.txt",
			);
			runOnlyForDeploymentPostprocessing = 0;
			shellPath = /bin/sh;
			shellScript = "diff \"${PODS_PODFILE_DIR_PATH}/Podfile.lock\" \"${PODS_ROOT}/Manifest.lock\" > /dev/null\nif [ $? != 0 ] ; then\n    # print error to STDERR\n    echo \"error: The sandbox is not in sync with the Podfile.lock. Run 'pod install' or update your CocoaPods installation.\" >&2\n    exit 1\nfi\n# This output is used by Xcode 'outputs' to avoid re-running this script phase.\necho \"SUCCESS\" > \"${SCRIPT_OUTPUT_FILE_0}\"\n";
			showEnvVarsInLog = 0;
		};
		F542D0D83E36A03456EE6BE3 /* [CP] Check Pods Manifest.lock */ = {
			isa = PBXShellScriptBuildPhase;
			buildActionMask = 2147483647;
			files = (
			);
			inputPaths = (
				"${PODS_PODFILE_DIR_PATH}/Podfile.lock",
				"${PODS_ROOT}/Manifest.lock",
			);
			name = "[CP] Check Pods Manifest.lock";
			outputPaths = (
				"$(DERIVED_FILE_DIR)/Pods-AretctUITests-checkManifestLockResult.txt",
			);
			runOnlyForDeploymentPostprocessing = 0;
			shellPath = /bin/sh;
			shellScript = "diff \"${PODS_PODFILE_DIR_PATH}/Podfile.lock\" \"${PODS_ROOT}/Manifest.lock\" > /dev/null\nif [ $? != 0 ] ; then\n    # print error to STDERR\n    echo \"error: The sandbox is not in sync with the Podfile.lock. Run 'pod install' or update your CocoaPods installation.\" >&2\n    exit 1\nfi\n# This output is used by Xcode 'outputs' to avoid re-running this script phase.\necho \"SUCCESS\" > \"${SCRIPT_OUTPUT_FILE_0}\"\n";
			showEnvVarsInLog = 0;
		};
		F8E1B93E756243CABCEE8F05 /* [CP] Check Pods Manifest.lock */ = {
			isa = PBXShellScriptBuildPhase;
			buildActionMask = 2147483647;
			files = (
			);
			inputPaths = (
				"${PODS_PODFILE_DIR_PATH}/Podfile.lock",
				"${PODS_ROOT}/Manifest.lock",
			);
			name = "[CP] Check Pods Manifest.lock";
			outputPaths = (
				"$(DERIVED_FILE_DIR)/Pods-AretctAdminUITests-checkManifestLockResult.txt",
			);
			runOnlyForDeploymentPostprocessing = 0;
			shellPath = /bin/sh;
			shellScript = "diff \"${PODS_PODFILE_DIR_PATH}/Podfile.lock\" \"${PODS_ROOT}/Manifest.lock\" > /dev/null\nif [ $? != 0 ] ; then\n    # print error to STDERR\n    echo \"error: The sandbox is not in sync with the Podfile.lock. Run 'pod install' or update your CocoaPods installation.\" >&2\n    exit 1\nfi\n# This output is used by Xcode 'outputs' to avoid re-running this script phase.\necho \"SUCCESS\" > \"${SCRIPT_OUTPUT_FILE_0}\"\n";
			showEnvVarsInLog = 0;
		};
/* End PBXShellScriptBuildPhase section */

/* Begin PBXSourcesBuildPhase section */
		DA4B0DB2230AC0B7007947C3 /* Sources */ = {
			isa = PBXSourcesBuildPhase;
			buildActionMask = 2147483647;
			files = (
				DA4B0E4423117835007947C3 /* ProductsVC.swift in Sources */,
				DA774F132313DA3B00C42ADA /* ProductDetailVC.swift in Sources */,
				DA4B0E372311309C007947C3 /* Firebase+Utils.swift in Sources */,
				DA4B0E3A23115CDD007947C3 /* Category.swift in Sources */,
				DA317ACD2319609C0001C9E7 /* User.swift in Sources */,
				DA4B0E2E231021DD007947C3 /* RoundedViews.swift in Sources */,
				DA317AD123197B490001C9E7 /* UserService.swift in Sources */,
				DA4B0E2B23101A78007947C3 /* Constants.swift in Sources */,
				DA4B0E4B23117AD4007947C3 /* ProductCell.swift in Sources */,
				DA4B0E30231031E8007947C3 /* Extension.swift in Sources */,
				DA4B0DBC230AC0B7007947C3 /* HomeVC.swift in Sources */,
				DA4B0E28230B11CF007947C3 /* RegisterVC.swift in Sources */,
				DA4B0DBA230AC0B7007947C3 /* AppDelegate.swift in Sources */,
				DA4B0E3423111C34007947C3 /* ForgotPasswordVC.swift in Sources */,
				DA4B0E26230B11A0007947C3 /* LoginVC.swift in Sources */,
				DA4B0E3E23115E93007947C3 /* CategoryCell.swift in Sources */,
				DA4B0E472311795C007947C3 /* Product.swift in Sources */,
			);
			runOnlyForDeploymentPostprocessing = 0;
		};
		DA4B0DC6230AC0B8007947C3 /* Sources */ = {
			isa = PBXSourcesBuildPhase;
			buildActionMask = 2147483647;
			files = (
				DA4B0DCF230AC0B8007947C3 /* AretctTests.swift in Sources */,
			);
			runOnlyForDeploymentPostprocessing = 0;
		};
		DA4B0DD1230AC0B8007947C3 /* Sources */ = {
			isa = PBXSourcesBuildPhase;
			buildActionMask = 2147483647;
			files = (
				DA4B0DDA230AC0B8007947C3 /* AretctUITests.swift in Sources */,
			);
			runOnlyForDeploymentPostprocessing = 0;
		};
		DA4B0DE7230AC109007947C3 /* Sources */ = {
			isa = PBXSourcesBuildPhase;
			buildActionMask = 2147483647;
			files = (
				DA4B0E4523117835007947C3 /* ProductsVC.swift in Sources */,
				DA317AC0231407000001C9E7 /* Constants.swift in Sources */,
				DA4B0E3823113186007947C3 /* Firebase+Utils.swift in Sources */,
				DA317AC1231407030001C9E7 /* Extension.swift in Sources */,
				DA317ABF231406DE0001C9E7 /* RoundedViews.swift in Sources */,
				DA4B0DF0230AC109007947C3 /* AdminHomeVC.swift in Sources */,
				DA317ACB2316EC810001C9E7 /* AddEditProductsVC.swift in Sources */,
				DA317AC92316E40F0001C9E7 /* AdminProductsVC.swift in Sources */,
				DA317ABE2314044A0001C9E7 /* HomeVC.swift in Sources */,
				DA317AC6231409740001C9E7 /* AddEditCategoryVC.swift in Sources */,
				DA4B0DEE230AC109007947C3 /* AppDelegate.swift in Sources */,
				DA317AC3231407DA0001C9E7 /* ForgotPasswordVC.swift in Sources */,
				DA4B0E3B23115CEE007947C3 /* Category.swift in Sources */,
				DA317AD223197B490001C9E7 /* UserService.swift in Sources */,
				DA4B0E4C23117AD4007947C3 /* ProductCell.swift in Sources */,
				DA317ACE2319609C0001C9E7 /* User.swift in Sources */,
				DA4B0E3F23115E93007947C3 /* CategoryCell.swift in Sources */,
				DA317AC2231407340001C9E7 /* ProductDetailVC.swift in Sources */,
				DA4B0E482311795C007947C3 /* Product.swift in Sources */,
			);
			runOnlyForDeploymentPostprocessing = 0;
		};
		DA4B0DFA230AC10A007947C3 /* Sources */ = {
			isa = PBXSourcesBuildPhase;
			buildActionMask = 2147483647;
			files = (
				DA4B0E03230AC10A007947C3 /* AretctAdminTests.swift in Sources */,
			);
			runOnlyForDeploymentPostprocessing = 0;
		};
		DA4B0E05230AC10A007947C3 /* Sources */ = {
			isa = PBXSourcesBuildPhase;
			buildActionMask = 2147483647;
			files = (
				DA4B0E0E230AC10A007947C3 /* AretctAdminUITests.swift in Sources */,
			);
			runOnlyForDeploymentPostprocessing = 0;
		};
/* End PBXSourcesBuildPhase section */

/* Begin PBXTargetDependency section */
		DA4B0DCC230AC0B8007947C3 /* PBXTargetDependency */ = {
			isa = PBXTargetDependency;
			target = DA4B0DB5230AC0B7007947C3 /* Aretct */;
			targetProxy = DA4B0DCB230AC0B8007947C3 /* PBXContainerItemProxy */;
		};
		DA4B0DD7230AC0B8007947C3 /* PBXTargetDependency */ = {
			isa = PBXTargetDependency;
			target = DA4B0DB5230AC0B7007947C3 /* Aretct */;
			targetProxy = DA4B0DD6230AC0B8007947C3 /* PBXContainerItemProxy */;
		};
		DA4B0E00230AC10A007947C3 /* PBXTargetDependency */ = {
			isa = PBXTargetDependency;
			target = DA4B0DEA230AC109007947C3 /* AretctAdmin */;
			targetProxy = DA4B0DFF230AC10A007947C3 /* PBXContainerItemProxy */;
		};
		DA4B0E0B230AC10A007947C3 /* PBXTargetDependency */ = {
			isa = PBXTargetDependency;
			target = DA4B0DEA230AC109007947C3 /* AretctAdmin */;
			targetProxy = DA4B0E0A230AC10A007947C3 /* PBXContainerItemProxy */;
		};
/* End PBXTargetDependency section */

/* Begin PBXVariantGroup section */
		DA4B0DBD230AC0B7007947C3 /* Main.storyboard */ = {
			isa = PBXVariantGroup;
			children = (
				DA4B0DBE230AC0B7007947C3 /* Base */,
			);
			name = Main.storyboard;
			sourceTree = "<group>";
		};
		DA4B0DC2230AC0B7007947C3 /* LaunchScreen.storyboard */ = {
			isa = PBXVariantGroup;
			children = (
				DA4B0DC3230AC0B7007947C3 /* Base */,
			);
			name = LaunchScreen.storyboard;
			sourceTree = "<group>";
		};
		DA4B0DF1230AC109007947C3 /* Main.storyboard */ = {
			isa = PBXVariantGroup;
			children = (
				DA4B0DF2230AC109007947C3 /* Base */,
			);
			name = Main.storyboard;
			sourceTree = "<group>";
		};
		DA4B0DF6230AC10A007947C3 /* LaunchScreen.storyboard */ = {
			isa = PBXVariantGroup;
			children = (
				DA4B0DF7230AC10A007947C3 /* Base */,
			);
			name = LaunchScreen.storyboard;
			sourceTree = "<group>";
		};
/* End PBXVariantGroup section */

/* Begin XCBuildConfiguration section */
		DA4B0DDC230AC0B8007947C3 /* Debug */ = {
			isa = XCBuildConfiguration;
			buildSettings = {
				ALWAYS_SEARCH_USER_PATHS = NO;
				CLANG_ANALYZER_NONNULL = YES;
				CLANG_ANALYZER_NUMBER_OBJECT_CONVERSION = YES_AGGRESSIVE;
				CLANG_CXX_LANGUAGE_STANDARD = "gnu++14";
				CLANG_CXX_LIBRARY = "libc++";
				CLANG_ENABLE_MODULES = YES;
				CLANG_ENABLE_OBJC_ARC = YES;
				CLANG_ENABLE_OBJC_WEAK = YES;
				CLANG_WARN_BLOCK_CAPTURE_AUTORELEASING = YES;
				CLANG_WARN_BOOL_CONVERSION = YES;
				CLANG_WARN_COMMA = YES;
				CLANG_WARN_CONSTANT_CONVERSION = YES;
				CLANG_WARN_DEPRECATED_OBJC_IMPLEMENTATIONS = YES;
				CLANG_WARN_DIRECT_OBJC_ISA_USAGE = YES_ERROR;
				CLANG_WARN_DOCUMENTATION_COMMENTS = YES;
				CLANG_WARN_EMPTY_BODY = YES;
				CLANG_WARN_ENUM_CONVERSION = YES;
				CLANG_WARN_INFINITE_RECURSION = YES;
				CLANG_WARN_INT_CONVERSION = YES;
				CLANG_WARN_NON_LITERAL_NULL_CONVERSION = YES;
				CLANG_WARN_OBJC_IMPLICIT_RETAIN_SELF = YES;
				CLANG_WARN_OBJC_LITERAL_CONVERSION = YES;
				CLANG_WARN_OBJC_ROOT_CLASS = YES_ERROR;
				CLANG_WARN_RANGE_LOOP_ANALYSIS = YES;
				CLANG_WARN_STRICT_PROTOTYPES = YES;
				CLANG_WARN_SUSPICIOUS_MOVE = YES;
				CLANG_WARN_UNGUARDED_AVAILABILITY = YES_AGGRESSIVE;
				CLANG_WARN_UNREACHABLE_CODE = YES;
				CLANG_WARN__DUPLICATE_METHOD_MATCH = YES;
				CODE_SIGN_IDENTITY = "iPhone Developer";
				COPY_PHASE_STRIP = NO;
				DEBUG_INFORMATION_FORMAT = dwarf;
				ENABLE_STRICT_OBJC_MSGSEND = YES;
				ENABLE_TESTABILITY = YES;
				GCC_C_LANGUAGE_STANDARD = gnu11;
				GCC_DYNAMIC_NO_PIC = NO;
				GCC_NO_COMMON_BLOCKS = YES;
				GCC_OPTIMIZATION_LEVEL = 0;
				GCC_PREPROCESSOR_DEFINITIONS = (
					"DEBUG=1",
					"$(inherited)",
				);
				GCC_WARN_64_TO_32_BIT_CONVERSION = YES;
				GCC_WARN_ABOUT_RETURN_TYPE = YES_ERROR;
				GCC_WARN_UNDECLARED_SELECTOR = YES;
				GCC_WARN_UNINITIALIZED_AUTOS = YES_AGGRESSIVE;
				GCC_WARN_UNUSED_FUNCTION = YES;
				GCC_WARN_UNUSED_VARIABLE = YES;
				IPHONEOS_DEPLOYMENT_TARGET = 12.2;
				MTL_ENABLE_DEBUG_INFO = INCLUDE_SOURCE;
				MTL_FAST_MATH = YES;
				ONLY_ACTIVE_ARCH = YES;
				SDKROOT = iphoneos;
				SWIFT_ACTIVE_COMPILATION_CONDITIONS = DEBUG;
				SWIFT_OPTIMIZATION_LEVEL = "-Onone";
			};
			name = Debug;
		};
		DA4B0DDD230AC0B8007947C3 /* Release */ = {
			isa = XCBuildConfiguration;
			buildSettings = {
				ALWAYS_SEARCH_USER_PATHS = NO;
				CLANG_ANALYZER_NONNULL = YES;
				CLANG_ANALYZER_NUMBER_OBJECT_CONVERSION = YES_AGGRESSIVE;
				CLANG_CXX_LANGUAGE_STANDARD = "gnu++14";
				CLANG_CXX_LIBRARY = "libc++";
				CLANG_ENABLE_MODULES = YES;
				CLANG_ENABLE_OBJC_ARC = YES;
				CLANG_ENABLE_OBJC_WEAK = YES;
				CLANG_WARN_BLOCK_CAPTURE_AUTORELEASING = YES;
				CLANG_WARN_BOOL_CONVERSION = YES;
				CLANG_WARN_COMMA = YES;
				CLANG_WARN_CONSTANT_CONVERSION = YES;
				CLANG_WARN_DEPRECATED_OBJC_IMPLEMENTATIONS = YES;
				CLANG_WARN_DIRECT_OBJC_ISA_USAGE = YES_ERROR;
				CLANG_WARN_DOCUMENTATION_COMMENTS = YES;
				CLANG_WARN_EMPTY_BODY = YES;
				CLANG_WARN_ENUM_CONVERSION = YES;
				CLANG_WARN_INFINITE_RECURSION = YES;
				CLANG_WARN_INT_CONVERSION = YES;
				CLANG_WARN_NON_LITERAL_NULL_CONVERSION = YES;
				CLANG_WARN_OBJC_IMPLICIT_RETAIN_SELF = YES;
				CLANG_WARN_OBJC_LITERAL_CONVERSION = YES;
				CLANG_WARN_OBJC_ROOT_CLASS = YES_ERROR;
				CLANG_WARN_RANGE_LOOP_ANALYSIS = YES;
				CLANG_WARN_STRICT_PROTOTYPES = YES;
				CLANG_WARN_SUSPICIOUS_MOVE = YES;
				CLANG_WARN_UNGUARDED_AVAILABILITY = YES_AGGRESSIVE;
				CLANG_WARN_UNREACHABLE_CODE = YES;
				CLANG_WARN__DUPLICATE_METHOD_MATCH = YES;
				CODE_SIGN_IDENTITY = "iPhone Developer";
				COPY_PHASE_STRIP = NO;
				DEBUG_INFORMATION_FORMAT = "dwarf-with-dsym";
				ENABLE_NS_ASSERTIONS = NO;
				ENABLE_STRICT_OBJC_MSGSEND = YES;
				GCC_C_LANGUAGE_STANDARD = gnu11;
				GCC_NO_COMMON_BLOCKS = YES;
				GCC_WARN_64_TO_32_BIT_CONVERSION = YES;
				GCC_WARN_ABOUT_RETURN_TYPE = YES_ERROR;
				GCC_WARN_UNDECLARED_SELECTOR = YES;
				GCC_WARN_UNINITIALIZED_AUTOS = YES_AGGRESSIVE;
				GCC_WARN_UNUSED_FUNCTION = YES;
				GCC_WARN_UNUSED_VARIABLE = YES;
				IPHONEOS_DEPLOYMENT_TARGET = 12.2;
				MTL_ENABLE_DEBUG_INFO = NO;
				MTL_FAST_MATH = YES;
				SDKROOT = iphoneos;
				SWIFT_COMPILATION_MODE = wholemodule;
				SWIFT_OPTIMIZATION_LEVEL = "-O";
				VALIDATE_PRODUCT = YES;
			};
			name = Release;
		};
		DA4B0DDF230AC0B8007947C3 /* Debug */ = {
			isa = XCBuildConfiguration;
			baseConfigurationReference = E4CEC648DA7DE319313B6E9C /* Pods-Aretct.debug.xcconfig */;
			buildSettings = {
				ASSETCATALOG_COMPILER_APPICON_NAME = AppIcon;
				CODE_SIGN_STYLE = Automatic;
				INFOPLIST_FILE = Aretct/Info.plist;
				IPHONEOS_DEPLOYMENT_TARGET = 10.0;
				LD_RUNPATH_SEARCH_PATHS = (
					"$(inherited)",
					"@executable_path/Frameworks",
				);
				PRODUCT_BUNDLE_IDENTIFIER = yw.Aretct;
				PRODUCT_NAME = "$(TARGET_NAME)";
				SWIFT_VERSION = 5.0;
				TARGETED_DEVICE_FAMILY = "1,2";
			};
			name = Debug;
		};
		DA4B0DE0230AC0B8007947C3 /* Release */ = {
			isa = XCBuildConfiguration;
			baseConfigurationReference = 6AD16BEA04426FD929657BDA /* Pods-Aretct.release.xcconfig */;
			buildSettings = {
				ASSETCATALOG_COMPILER_APPICON_NAME = AppIcon;
				CODE_SIGN_STYLE = Automatic;
				INFOPLIST_FILE = Aretct/Info.plist;
				IPHONEOS_DEPLOYMENT_TARGET = 10.0;
				LD_RUNPATH_SEARCH_PATHS = (
					"$(inherited)",
					"@executable_path/Frameworks",
				);
				PRODUCT_BUNDLE_IDENTIFIER = yw.Aretct;
				PRODUCT_NAME = "$(TARGET_NAME)";
				SWIFT_VERSION = 5.0;
				TARGETED_DEVICE_FAMILY = "1,2";
			};
			name = Release;
		};
		DA4B0DE2230AC0B8007947C3 /* Debug */ = {
			isa = XCBuildConfiguration;
			baseConfigurationReference = 09778858FEC0703CC78CE1E8 /* Pods-AretctTests.debug.xcconfig */;
			buildSettings = {
				ALWAYS_EMBED_SWIFT_STANDARD_LIBRARIES = YES;
				BUNDLE_LOADER = "$(TEST_HOST)";
				CODE_SIGN_STYLE = Automatic;
				INFOPLIST_FILE = AretctTests/Info.plist;
				LD_RUNPATH_SEARCH_PATHS = (
					"$(inherited)",
					"@executable_path/Frameworks",
					"@loader_path/Frameworks",
				);
				PRODUCT_BUNDLE_IDENTIFIER = yw.AretctTests;
				PRODUCT_NAME = "$(TARGET_NAME)";
				SWIFT_VERSION = 5.0;
				TARGETED_DEVICE_FAMILY = "1,2";
				TEST_HOST = "$(BUILT_PRODUCTS_DIR)/Aretct.app/Aretct";
			};
			name = Debug;
		};
		DA4B0DE3230AC0B8007947C3 /* Release */ = {
			isa = XCBuildConfiguration;
			baseConfigurationReference = ECD78BC86704201E081B845D /* Pods-AretctTests.release.xcconfig */;
			buildSettings = {
				ALWAYS_EMBED_SWIFT_STANDARD_LIBRARIES = YES;
				BUNDLE_LOADER = "$(TEST_HOST)";
				CODE_SIGN_STYLE = Automatic;
				INFOPLIST_FILE = AretctTests/Info.plist;
				LD_RUNPATH_SEARCH_PATHS = (
					"$(inherited)",
					"@executable_path/Frameworks",
					"@loader_path/Frameworks",
				);
				PRODUCT_BUNDLE_IDENTIFIER = yw.AretctTests;
				PRODUCT_NAME = "$(TARGET_NAME)";
				SWIFT_VERSION = 5.0;
				TARGETED_DEVICE_FAMILY = "1,2";
				TEST_HOST = "$(BUILT_PRODUCTS_DIR)/Aretct.app/Aretct";
			};
			name = Release;
		};
		DA4B0DE5230AC0B8007947C3 /* Debug */ = {
			isa = XCBuildConfiguration;
			baseConfigurationReference = 7025BE4850E635C17251684C /* Pods-AretctUITests.debug.xcconfig */;
			buildSettings = {
				ALWAYS_EMBED_SWIFT_STANDARD_LIBRARIES = YES;
				CODE_SIGN_STYLE = Automatic;
				INFOPLIST_FILE = AretctUITests/Info.plist;
				LD_RUNPATH_SEARCH_PATHS = (
					"$(inherited)",
					"@executable_path/Frameworks",
					"@loader_path/Frameworks",
				);
				PRODUCT_BUNDLE_IDENTIFIER = yw.AretctUITests;
				PRODUCT_NAME = "$(TARGET_NAME)";
				SWIFT_VERSION = 5.0;
				TARGETED_DEVICE_FAMILY = "1,2";
				TEST_TARGET_NAME = Aretct;
			};
			name = Debug;
		};
		DA4B0DE6230AC0B8007947C3 /* Release */ = {
			isa = XCBuildConfiguration;
			baseConfigurationReference = E61FD73E9B53952FAE2BF46E /* Pods-AretctUITests.release.xcconfig */;
			buildSettings = {
				ALWAYS_EMBED_SWIFT_STANDARD_LIBRARIES = YES;
				CODE_SIGN_STYLE = Automatic;
				INFOPLIST_FILE = AretctUITests/Info.plist;
				LD_RUNPATH_SEARCH_PATHS = (
					"$(inherited)",
					"@executable_path/Frameworks",
					"@loader_path/Frameworks",
				);
				PRODUCT_BUNDLE_IDENTIFIER = yw.AretctUITests;
				PRODUCT_NAME = "$(TARGET_NAME)";
				SWIFT_VERSION = 5.0;
				TARGETED_DEVICE_FAMILY = "1,2";
				TEST_TARGET_NAME = Aretct;
			};
			name = Release;
		};
		DA4B0E11230AC10A007947C3 /* Debug */ = {
			isa = XCBuildConfiguration;
			baseConfigurationReference = A1425162ACE78DB0A2AFF62B /* Pods-AretctAdmin.debug.xcconfig */;
			buildSettings = {
				ASSETCATALOG_COMPILER_APPICON_NAME = AppIcon;
				CODE_SIGN_STYLE = Automatic;
				INFOPLIST_FILE = AretctAdmin/Info.plist;
				IPHONEOS_DEPLOYMENT_TARGET = 10.0;
				LD_RUNPATH_SEARCH_PATHS = (
					"$(inherited)",
					"@executable_path/Frameworks",
				);
				PRODUCT_BUNDLE_IDENTIFIER = yw.AretctAdmin;
				PRODUCT_NAME = "$(TARGET_NAME)";
				SWIFT_VERSION = 5.0;
				TARGETED_DEVICE_FAMILY = "1,2";
			};
			name = Debug;
		};
		DA4B0E12230AC10A007947C3 /* Release */ = {
			isa = XCBuildConfiguration;
			baseConfigurationReference = D13F9D9E9A195D519CC24A6A /* Pods-AretctAdmin.release.xcconfig */;
			buildSettings = {
				ASSETCATALOG_COMPILER_APPICON_NAME = AppIcon;
				CODE_SIGN_STYLE = Automatic;
				INFOPLIST_FILE = AretctAdmin/Info.plist;
				IPHONEOS_DEPLOYMENT_TARGET = 10.0;
				LD_RUNPATH_SEARCH_PATHS = (
					"$(inherited)",
					"@executable_path/Frameworks",
				);
				PRODUCT_BUNDLE_IDENTIFIER = yw.AretctAdmin;
				PRODUCT_NAME = "$(TARGET_NAME)";
				SWIFT_VERSION = 5.0;
				TARGETED_DEVICE_FAMILY = "1,2";
			};
			name = Release;
		};
		DA4B0E14230AC10A007947C3 /* Debug */ = {
			isa = XCBuildConfiguration;
			baseConfigurationReference = CB8BB071548594FFEB03AEAD /* Pods-AretctAdminTests.debug.xcconfig */;
			buildSettings = {
				ALWAYS_EMBED_SWIFT_STANDARD_LIBRARIES = YES;
				BUNDLE_LOADER = "$(TEST_HOST)";
				CODE_SIGN_STYLE = Automatic;
				INFOPLIST_FILE = AretctAdminTests/Info.plist;
				LD_RUNPATH_SEARCH_PATHS = (
					"$(inherited)",
					"@executable_path/Frameworks",
					"@loader_path/Frameworks",
				);
				PRODUCT_BUNDLE_IDENTIFIER = yw.AretctAdminTests;
				PRODUCT_NAME = "$(TARGET_NAME)";
				SWIFT_VERSION = 5.0;
				TARGETED_DEVICE_FAMILY = "1,2";
				TEST_HOST = "$(BUILT_PRODUCTS_DIR)/AretctAdmin.app/AretctAdmin";
			};
			name = Debug;
		};
		DA4B0E15230AC10A007947C3 /* Release */ = {
			isa = XCBuildConfiguration;
			baseConfigurationReference = FB59BD9B94FBA2C44BCA2E78 /* Pods-AretctAdminTests.release.xcconfig */;
			buildSettings = {
				ALWAYS_EMBED_SWIFT_STANDARD_LIBRARIES = YES;
				BUNDLE_LOADER = "$(TEST_HOST)";
				CODE_SIGN_STYLE = Automatic;
				INFOPLIST_FILE = AretctAdminTests/Info.plist;
				LD_RUNPATH_SEARCH_PATHS = (
					"$(inherited)",
					"@executable_path/Frameworks",
					"@loader_path/Frameworks",
				);
				PRODUCT_BUNDLE_IDENTIFIER = yw.AretctAdminTests;
				PRODUCT_NAME = "$(TARGET_NAME)";
				SWIFT_VERSION = 5.0;
				TARGETED_DEVICE_FAMILY = "1,2";
				TEST_HOST = "$(BUILT_PRODUCTS_DIR)/AretctAdmin.app/AretctAdmin";
			};
			name = Release;
		};
		DA4B0E17230AC10A007947C3 /* Debug */ = {
			isa = XCBuildConfiguration;
			baseConfigurationReference = 055FEFBBB14389C3A49BFC44 /* Pods-AretctAdminUITests.debug.xcconfig */;
			buildSettings = {
				ALWAYS_EMBED_SWIFT_STANDARD_LIBRARIES = YES;
				CODE_SIGN_STYLE = Automatic;
				INFOPLIST_FILE = AretctAdminUITests/Info.plist;
				LD_RUNPATH_SEARCH_PATHS = (
					"$(inherited)",
					"@executable_path/Frameworks",
					"@loader_path/Frameworks",
				);
				PRODUCT_BUNDLE_IDENTIFIER = yw.AretctAdminUITests;
				PRODUCT_NAME = "$(TARGET_NAME)";
				SWIFT_VERSION = 5.0;
				TARGETED_DEVICE_FAMILY = "1,2";
				TEST_TARGET_NAME = AretctAdmin;
			};
			name = Debug;
		};
		DA4B0E18230AC10A007947C3 /* Release */ = {
			isa = XCBuildConfiguration;
			baseConfigurationReference = A74F98A0B3BA272AA770AED3 /* Pods-AretctAdminUITests.release.xcconfig */;
			buildSettings = {
				ALWAYS_EMBED_SWIFT_STANDARD_LIBRARIES = YES;
				CODE_SIGN_STYLE = Automatic;
				INFOPLIST_FILE = AretctAdminUITests/Info.plist;
				LD_RUNPATH_SEARCH_PATHS = (
					"$(inherited)",
					"@executable_path/Frameworks",
					"@loader_path/Frameworks",
				);
				PRODUCT_BUNDLE_IDENTIFIER = yw.AretctAdminUITests;
				PRODUCT_NAME = "$(TARGET_NAME)";
				SWIFT_VERSION = 5.0;
				TARGETED_DEVICE_FAMILY = "1,2";
				TEST_TARGET_NAME = AretctAdmin;
			};
			name = Release;
		};
/* End XCBuildConfiguration section */

/* Begin XCConfigurationList section */
		DA4B0DB1230AC0B7007947C3 /* Build configuration list for PBXProject "Aretct" */ = {
			isa = XCConfigurationList;
			buildConfigurations = (
				DA4B0DDC230AC0B8007947C3 /* Debug */,
				DA4B0DDD230AC0B8007947C3 /* Release */,
			);
			defaultConfigurationIsVisible = 0;
			defaultConfigurationName = Release;
		};
		DA4B0DDE230AC0B8007947C3 /* Build configuration list for PBXNativeTarget "Aretct" */ = {
			isa = XCConfigurationList;
			buildConfigurations = (
				DA4B0DDF230AC0B8007947C3 /* Debug */,
				DA4B0DE0230AC0B8007947C3 /* Release */,
			);
			defaultConfigurationIsVisible = 0;
			defaultConfigurationName = Release;
		};
		DA4B0DE1230AC0B8007947C3 /* Build configuration list for PBXNativeTarget "AretctTests" */ = {
			isa = XCConfigurationList;
			buildConfigurations = (
				DA4B0DE2230AC0B8007947C3 /* Debug */,
				DA4B0DE3230AC0B8007947C3 /* Release */,
			);
			defaultConfigurationIsVisible = 0;
			defaultConfigurationName = Release;
		};
		DA4B0DE4230AC0B8007947C3 /* Build configuration list for PBXNativeTarget "AretctUITests" */ = {
			isa = XCConfigurationList;
			buildConfigurations = (
				DA4B0DE5230AC0B8007947C3 /* Debug */,
				DA4B0DE6230AC0B8007947C3 /* Release */,
			);
			defaultConfigurationIsVisible = 0;
			defaultConfigurationName = Release;
		};
		DA4B0E10230AC10A007947C3 /* Build configuration list for PBXNativeTarget "AretctAdmin" */ = {
			isa = XCConfigurationList;
			buildConfigurations = (
				DA4B0E11230AC10A007947C3 /* Debug */,
				DA4B0E12230AC10A007947C3 /* Release */,
			);
			defaultConfigurationIsVisible = 0;
			defaultConfigurationName = Release;
		};
		DA4B0E13230AC10A007947C3 /* Build configuration list for PBXNativeTarget "AretctAdminTests" */ = {
			isa = XCConfigurationList;
			buildConfigurations = (
				DA4B0E14230AC10A007947C3 /* Debug */,
				DA4B0E15230AC10A007947C3 /* Release */,
			);
			defaultConfigurationIsVisible = 0;
			defaultConfigurationName = Release;
		};
		DA4B0E16230AC10A007947C3 /* Build configuration list for PBXNativeTarget "AretctAdminUITests" */ = {
			isa = XCConfigurationList;
			buildConfigurations = (
				DA4B0E17230AC10A007947C3 /* Debug */,
				DA4B0E18230AC10A007947C3 /* Release */,
			);
			defaultConfigurationIsVisible = 0;
			defaultConfigurationName = Release;
		};
/* End XCConfigurationList section */
	};
	rootObject = DA4B0DAE230AC0B7007947C3 /* Project object */;
}
